{
  "lockfileVersion": 1,
  "workspaces": {
    "": {
      "name": "liveuta-native",
      "dependencies": {
        "@tauri-apps/api": "^2",
        "@tauri-apps/plugin-opener": "^2",
        "clsx": "^2.1.1",
        "lucide-svelte": "^0.477.0",
        "tailwind-merge": "^3.0.2",
        "tailwind-variants": "^0.3.1",
        "tailwindcss-animate": "^1.0.7",
      },
      "devDependencies": {
        "@ianvs/prettier-plugin-sort-imports": "^4.4.1",
        "@sveltejs/adapter-static": "^3.0.6",
        "@sveltejs/kit": "^2.9.0",
        "@sveltejs/vite-plugin-svelte": "^5.0.0",
        "@tailwindcss/forms": "^0.5.10",
        "@tailwindcss/vite": "^4.0.11",
        "@tauri-apps/cli": "^2",
        "autoprefixer": "^10.4.20",
        "lefthook": "^1.11.2",
        "oxlint": "^0.15.13",
        "prettier": "^3.5.3",
        "prettier-plugin-svelte": "^3.3.3",
        "prettier-plugin-tailwindcss": "^0.6.11",
        "svelte": "^5.0.0",
        "svelte-check": "^4.0.0",
        "tailwindcss": "^4.0.11",
        "typescript": "5.8.2",
        "vite": "^6.0.3",
      },
    },
  },
  "packages": {
    "@ampproject/remapping": ["@ampproject/remapping@2.3.0", "", { "dependencies": { "@jridgewell/gen-mapping": "^0.3.5", "@jridgewell/trace-mapping": "^0.3.24" } }, "sha512-30iZtAPgz+LTIYoeivqYo853f02jBYSd5uGnGpkFV0M3xOt9aN73erkgYAmZU43x4VfqcnLxW9Kpg3R5LC4YYw=="],

    "@babel/code-frame": ["@babel/code-frame@7.26.2", "", { "dependencies": { "@babel/helper-validator-identifier": "^7.25.9", "js-tokens": "^4.0.0", "picocolors": "^1.0.0" } }, "sha512-RJlIHRueQgwWitWgF8OdFYGZX328Ax5BCemNGlqHfplnRT9ESi8JkFlvaVYbS+UubVY6dpv87Fs2u5M29iNFVQ=="],

    "@babel/generator": ["@babel/generator@7.26.9", "", { "dependencies": { "@babel/parser": "^7.26.9", "@babel/types": "^7.26.9", "@jridgewell/gen-mapping": "^0.3.5", "@jridgewell/trace-mapping": "^0.3.25", "jsesc": "^3.0.2" } }, "sha512-kEWdzjOAUMW4hAyrzJ0ZaTOu9OmpyDIQicIh0zg0EEcEkYXZb2TjtBhnHi2ViX7PKwZqF4xwqfAm299/QMP3lg=="],

    "@babel/helper-string-parser": ["@babel/helper-string-parser@7.25.9", "", {}, "sha512-4A/SCr/2KLd5jrtOMFzaKjVtAei3+2r/NChoBNoZ3EyP/+GlhoaEGoWOZUmFmoITP7zOJyHIMm+DYRd8o3PvHA=="],

    "@babel/helper-validator-identifier": ["@babel/helper-validator-identifier@7.25.9", "", {}, "sha512-Ed61U6XJc3CVRfkERJWDz4dJwKe7iLmmJsbOGu9wSloNSFttHV0I8g6UAgb7qnK5ly5bGLPd4oXZlxCdANBOWQ=="],

    "@babel/parser": ["@babel/parser@7.26.9", "", { "dependencies": { "@babel/types": "^7.26.9" }, "bin": "./bin/babel-parser.js" }, "sha512-81NWa1njQblgZbQHxWHpxxCzNsa3ZwvFqpUg7P+NNUU6f3UU2jBEg4OlF/J6rl8+PQGh1q6/zWScd001YwcA5A=="],

    "@babel/template": ["@babel/template@7.26.9", "", { "dependencies": { "@babel/code-frame": "^7.26.2", "@babel/parser": "^7.26.9", "@babel/types": "^7.26.9" } }, "sha512-qyRplbeIpNZhmzOysF/wFMuP9sctmh2cFzRAZOn1YapxBsE1i9bJIY586R/WBLfLcmcBlM8ROBiQURnnNy+zfA=="],

    "@babel/traverse": ["@babel/traverse@7.26.9", "", { "dependencies": { "@babel/code-frame": "^7.26.2", "@babel/generator": "^7.26.9", "@babel/parser": "^7.26.9", "@babel/template": "^7.26.9", "@babel/types": "^7.26.9", "debug": "^4.3.1", "globals": "^11.1.0" } }, "sha512-ZYW7L+pL8ahU5fXmNbPF+iZFHCv5scFak7MZ9bwaRPLUhHh7QQEMjZUg0HevihoqCM5iSYHN61EyCoZvqC+bxg=="],

    "@babel/types": ["@babel/types@7.26.9", "", { "dependencies": { "@babel/helper-string-parser": "^7.25.9", "@babel/helper-validator-identifier": "^7.25.9" } }, "sha512-Y3IR1cRnOxOCDvMmNiym7XpXQ93iGDDPHx+Zj+NM+rg0fBaShfQLkg+hKPaZCEvg5N/LeCo4+Rj/i3FuJsIQaw=="],

    "@esbuild/aix-ppc64": ["@esbuild/aix-ppc64@0.25.0", "", { "os": "aix", "cpu": "ppc64" }, "sha512-O7vun9Sf8DFjH2UtqK8Ku3LkquL9SZL8OLY1T5NZkA34+wG3OQF7cl4Ql8vdNzM6fzBbYfLaiRLIOZ+2FOCgBQ=="],

    "@esbuild/android-arm": ["@esbuild/android-arm@0.25.0", "", { "os": "android", "cpu": "arm" }, "sha512-PTyWCYYiU0+1eJKmw21lWtC+d08JDZPQ5g+kFyxP0V+es6VPPSUhM6zk8iImp2jbV6GwjX4pap0JFbUQN65X1g=="],

    "@esbuild/android-arm64": ["@esbuild/android-arm64@0.25.0", "", { "os": "android", "cpu": "arm64" }, "sha512-grvv8WncGjDSyUBjN9yHXNt+cq0snxXbDxy5pJtzMKGmmpPxeAmAhWxXI+01lU5rwZomDgD3kJwulEnhTRUd6g=="],

    "@esbuild/android-x64": ["@esbuild/android-x64@0.25.0", "", { "os": "android", "cpu": "x64" }, "sha512-m/ix7SfKG5buCnxasr52+LI78SQ+wgdENi9CqyCXwjVR2X4Jkz+BpC3le3AoBPYTC9NHklwngVXvbJ9/Akhrfg=="],

    "@esbuild/darwin-arm64": ["@esbuild/darwin-arm64@0.25.0", "", { "os": "darwin", "cpu": "arm64" }, "sha512-mVwdUb5SRkPayVadIOI78K7aAnPamoeFR2bT5nszFUZ9P8UpK4ratOdYbZZXYSqPKMHfS1wdHCJk1P1EZpRdvw=="],

    "@esbuild/darwin-x64": ["@esbuild/darwin-x64@0.25.0", "", { "os": "darwin", "cpu": "x64" }, "sha512-DgDaYsPWFTS4S3nWpFcMn/33ZZwAAeAFKNHNa1QN0rI4pUjgqf0f7ONmXf6d22tqTY+H9FNdgeaAa+YIFUn2Rg=="],

    "@esbuild/freebsd-arm64": ["@esbuild/freebsd-arm64@0.25.0", "", { "os": "freebsd", "cpu": "arm64" }, "sha512-VN4ocxy6dxefN1MepBx/iD1dH5K8qNtNe227I0mnTRjry8tj5MRk4zprLEdG8WPyAPb93/e4pSgi1SoHdgOa4w=="],

    "@esbuild/freebsd-x64": ["@esbuild/freebsd-x64@0.25.0", "", { "os": "freebsd", "cpu": "x64" }, "sha512-mrSgt7lCh07FY+hDD1TxiTyIHyttn6vnjesnPoVDNmDfOmggTLXRv8Id5fNZey1gl/V2dyVK1VXXqVsQIiAk+A=="],

    "@esbuild/linux-arm": ["@esbuild/linux-arm@0.25.0", "", { "os": "linux", "cpu": "arm" }, "sha512-vkB3IYj2IDo3g9xX7HqhPYxVkNQe8qTK55fraQyTzTX/fxaDtXiEnavv9geOsonh2Fd2RMB+i5cbhu2zMNWJwg=="],

    "@esbuild/linux-arm64": ["@esbuild/linux-arm64@0.25.0", "", { "os": "linux", "cpu": "arm64" }, "sha512-9QAQjTWNDM/Vk2bgBl17yWuZxZNQIF0OUUuPZRKoDtqF2k4EtYbpyiG5/Dk7nqeK6kIJWPYldkOcBqjXjrUlmg=="],

    "@esbuild/linux-ia32": ["@esbuild/linux-ia32@0.25.0", "", { "os": "linux", "cpu": "ia32" }, "sha512-43ET5bHbphBegyeqLb7I1eYn2P/JYGNmzzdidq/w0T8E2SsYL1U6un2NFROFRg1JZLTzdCoRomg8Rvf9M6W6Gg=="],

    "@esbuild/linux-loong64": ["@esbuild/linux-loong64@0.25.0", "", { "os": "linux", "cpu": "none" }, "sha512-fC95c/xyNFueMhClxJmeRIj2yrSMdDfmqJnyOY4ZqsALkDrrKJfIg5NTMSzVBr5YW1jf+l7/cndBfP3MSDpoHw=="],

    "@esbuild/linux-mips64el": ["@esbuild/linux-mips64el@0.25.0", "", { "os": "linux", "cpu": "none" }, "sha512-nkAMFju7KDW73T1DdH7glcyIptm95a7Le8irTQNO/qtkoyypZAnjchQgooFUDQhNAy4iu08N79W4T4pMBwhPwQ=="],

    "@esbuild/linux-ppc64": ["@esbuild/linux-ppc64@0.25.0", "", { "os": "linux", "cpu": "ppc64" }, "sha512-NhyOejdhRGS8Iwv+KKR2zTq2PpysF9XqY+Zk77vQHqNbo/PwZCzB5/h7VGuREZm1fixhs4Q/qWRSi5zmAiO4Fw=="],

    "@esbuild/linux-riscv64": ["@esbuild/linux-riscv64@0.25.0", "", { "os": "linux", "cpu": "none" }, "sha512-5S/rbP5OY+GHLC5qXp1y/Mx//e92L1YDqkiBbO9TQOvuFXM+iDqUNG5XopAnXoRH3FjIUDkeGcY1cgNvnXp/kA=="],

    "@esbuild/linux-s390x": ["@esbuild/linux-s390x@0.25.0", "", { "os": "linux", "cpu": "s390x" }, "sha512-XM2BFsEBz0Fw37V0zU4CXfcfuACMrppsMFKdYY2WuTS3yi8O1nFOhil/xhKTmE1nPmVyvQJjJivgDT+xh8pXJA=="],

    "@esbuild/linux-x64": ["@esbuild/linux-x64@0.25.0", "", { "os": "linux", "cpu": "x64" }, "sha512-9yl91rHw/cpwMCNytUDxwj2XjFpxML0y9HAOH9pNVQDpQrBxHy01Dx+vaMu0N1CKa/RzBD2hB4u//nfc+Sd3Cw=="],

    "@esbuild/netbsd-arm64": ["@esbuild/netbsd-arm64@0.25.0", "", { "os": "none", "cpu": "arm64" }, "sha512-RuG4PSMPFfrkH6UwCAqBzauBWTygTvb1nxWasEJooGSJ/NwRw7b2HOwyRTQIU97Hq37l3npXoZGYMy3b3xYvPw=="],

    "@esbuild/netbsd-x64": ["@esbuild/netbsd-x64@0.25.0", "", { "os": "none", "cpu": "x64" }, "sha512-jl+qisSB5jk01N5f7sPCsBENCOlPiS/xptD5yxOx2oqQfyourJwIKLRA2yqWdifj3owQZCL2sn6o08dBzZGQzA=="],

    "@esbuild/openbsd-arm64": ["@esbuild/openbsd-arm64@0.25.0", "", { "os": "openbsd", "cpu": "arm64" }, "sha512-21sUNbq2r84YE+SJDfaQRvdgznTD8Xc0oc3p3iW/a1EVWeNj/SdUCbm5U0itZPQYRuRTW20fPMWMpcrciH2EJw=="],

    "@esbuild/openbsd-x64": ["@esbuild/openbsd-x64@0.25.0", "", { "os": "openbsd", "cpu": "x64" }, "sha512-2gwwriSMPcCFRlPlKx3zLQhfN/2WjJ2NSlg5TKLQOJdV0mSxIcYNTMhk3H3ulL/cak+Xj0lY1Ym9ysDV1igceg=="],

    "@esbuild/sunos-x64": ["@esbuild/sunos-x64@0.25.0", "", { "os": "sunos", "cpu": "x64" }, "sha512-bxI7ThgLzPrPz484/S9jLlvUAHYMzy6I0XiU1ZMeAEOBcS0VePBFxh1JjTQt3Xiat5b6Oh4x7UC7IwKQKIJRIg=="],

    "@esbuild/win32-arm64": ["@esbuild/win32-arm64@0.25.0", "", { "os": "win32", "cpu": "arm64" }, "sha512-ZUAc2YK6JW89xTbXvftxdnYy3m4iHIkDtK3CLce8wg8M2L+YZhIvO1DKpxrd0Yr59AeNNkTiic9YLf6FTtXWMw=="],

    "@esbuild/win32-ia32": ["@esbuild/win32-ia32@0.25.0", "", { "os": "win32", "cpu": "ia32" }, "sha512-eSNxISBu8XweVEWG31/JzjkIGbGIJN/TrRoiSVZwZ6pkC6VX4Im/WV2cz559/TXLcYbcrDN8JtKgd9DJVIo8GA=="],

    "@esbuild/win32-x64": ["@esbuild/win32-x64@0.25.0", "", { "os": "win32", "cpu": "x64" }, "sha512-ZENoHJBxA20C2zFzh6AI4fT6RraMzjYw4xKWemRTRmRVtN9c5DcH9r/f2ihEkMjOW5eGgrwCslG/+Y/3bL+DHQ=="],

    "@ianvs/prettier-plugin-sort-imports": ["@ianvs/prettier-plugin-sort-imports@4.4.1", "", { "dependencies": { "@babel/generator": "^7.26.2", "@babel/parser": "^7.26.2", "@babel/traverse": "^7.25.9", "@babel/types": "^7.26.0", "semver": "^7.5.2" }, "peerDependencies": { "@vue/compiler-sfc": "2.7.x || 3.x", "prettier": "2 || 3" }, "optionalPeers": ["@vue/compiler-sfc"] }, "sha512-F0/Hrcfpy8WuxlQyAWJTEren/uxKhYonOGY4OyWmwRdeTvkh9mMSCxowZLjNkhwi/2ipqCgtXwwOk7tW0mWXkA=="],

    "@jridgewell/gen-mapping": ["@jridgewell/gen-mapping@0.3.8", "", { "dependencies": { "@jridgewell/set-array": "^1.2.1", "@jridgewell/sourcemap-codec": "^1.4.10", "@jridgewell/trace-mapping": "^0.3.24" } }, "sha512-imAbBGkb+ebQyxKgzv5Hu2nmROxoDOXHh80evxdoXNOrvAnVx7zimzc1Oo5h9RlfV4vPXaE2iM5pOFbvOCClWA=="],

    "@jridgewell/resolve-uri": ["@jridgewell/resolve-uri@3.1.2", "", {}, "sha512-bRISgCIjP20/tbWSPWMEi54QVPRZExkuD9lJL+UIxUKtwVJA8wW1Trb1jMs1RFXo1CBTNZ/5hpC9QvmKWdopKw=="],

    "@jridgewell/set-array": ["@jridgewell/set-array@1.2.1", "", {}, "sha512-R8gLRTZeyp03ymzP/6Lil/28tGeGEzhx1q2k703KGWRAI1VdvPIXdG70VJc2pAMw3NA6JKL5hhFu1sJX0Mnn/A=="],

    "@jridgewell/sourcemap-codec": ["@jridgewell/sourcemap-codec@1.5.0", "", {}, "sha512-gv3ZRaISU3fjPAgNsriBRqGWQL6quFx04YMPW/zD8XMLsU32mhCCbfbO6KZFLjvYpCZ8zyDEgqsgf+PwPaM7GQ=="],

    "@jridgewell/trace-mapping": ["@jridgewell/trace-mapping@0.3.25", "", { "dependencies": { "@jridgewell/resolve-uri": "^3.1.0", "@jridgewell/sourcemap-codec": "^1.4.14" } }, "sha512-vNk6aEwybGtawWmy/PzwnGDOjCkLWSD2wqvjGGAgOAwCGWySYXfYoxt00IJkTF+8Lb57DwOb3Aa0o9CApepiYQ=="],

    "@oxlint/darwin-arm64": ["@oxlint/darwin-arm64@0.15.13", "", { "os": "darwin", "cpu": "arm64" }, "sha512-YxUmq/J8+RKniDOFTbmMu6OEd6LliL7gVr9vRk3J3r59AGlV9oprcovWtf65wtDRjGWPwu1y94ghunSTw395+Q=="],

    "@oxlint/darwin-x64": ["@oxlint/darwin-x64@0.15.13", "", { "os": "darwin", "cpu": "x64" }, "sha512-JWKp7iAnFYbWmGSiFgGzzlykunCLVEVdA3P1KdYRc8VFMWt4m1guPsvqwGkqyRmv4wzCIdhNHIUa7/tAGPp6kg=="],

    "@oxlint/linux-arm64-gnu": ["@oxlint/linux-arm64-gnu@0.15.13", "", { "os": "linux", "cpu": "arm64" }, "sha512-2ruYMs1Dex7GutXbsj5qAU1c0GGow5s+BCS6f1ls288yXqzE+NHElCQR8OzKl6JcPEwLosfuLJGRhpz5kFcFwQ=="],

    "@oxlint/linux-arm64-musl": ["@oxlint/linux-arm64-musl@0.15.13", "", { "os": "linux", "cpu": "arm64" }, "sha512-TlQLe8bPr3FG5qhHkMNRvhdxITKNwLIqTLb0er84yQGFjQnvoLEVVe56BPsCNs9AwO8bw9WgLo22AlP7wuBOAw=="],

    "@oxlint/linux-x64-gnu": ["@oxlint/linux-x64-gnu@0.15.13", "", { "os": "linux", "cpu": "x64" }, "sha512-duyk1FXb45D1PEbdOhnS4GCyD3MxcCJaDurG+VCGUeZOEzvQXI5vdOqmieA3nsizzoTFjHR98wwXCE426ETlcw=="],

    "@oxlint/linux-x64-musl": ["@oxlint/linux-x64-musl@0.15.13", "", { "os": "linux", "cpu": "x64" }, "sha512-fs53fyfXRVtsy+QGA0zp8o1+3XL+e6FDtdvdjsdVBif0O7gpuVJuLFpyv2AlL7r3J4J8E4WaVk0poAvmlwoOZg=="],

    "@oxlint/win32-arm64": ["@oxlint/win32-arm64@0.15.13", "", { "os": "win32", "cpu": "arm64" }, "sha512-QcgHzVpFK6oBARsgjc4DjApsbkdMi/aJgv2r885vvVWABlzKV302J5FyHs4osmaTVEImf8B8FAX+MlWGAIQtEw=="],

    "@oxlint/win32-x64": ["@oxlint/win32-x64@0.15.13", "", { "os": "win32", "cpu": "x64" }, "sha512-YQ52fcXHyK2dmUAiM1U4UTBFxeQ3f4HyeE19CinceIzz6gRev1c0aK2JzCCLZnajO2IB5/z5tkdcFDzisKx/Pw=="],

    "@polka/url": ["@polka/url@1.0.0-next.28", "", {}, "sha512-8LduaNlMZGwdZ6qWrKlfa+2M4gahzFkprZiAt2TF8uS0qQgBizKXpXURqvTJ4WtmupWxaLqjRb2UCTe72mu+Aw=="],

    "@rollup/rollup-android-arm-eabi": ["@rollup/rollup-android-arm-eabi@4.34.9", "", { "os": "android", "cpu": "arm" }, "sha512-qZdlImWXur0CFakn2BJ2znJOdqYZKiedEPEVNTBrpfPjc/YuTGcaYZcdmNFTkUj3DU0ZM/AElcM8Ybww3xVLzA=="],

    "@rollup/rollup-android-arm64": ["@rollup/rollup-android-arm64@4.34.9", "", { "os": "android", "cpu": "arm64" }, "sha512-4KW7P53h6HtJf5Y608T1ISKvNIYLWRKMvfnG0c44M6In4DQVU58HZFEVhWINDZKp7FZps98G3gxwC1sb0wXUUg=="],

    "@rollup/rollup-darwin-arm64": ["@rollup/rollup-darwin-arm64@4.34.9", "", { "os": "darwin", "cpu": "arm64" }, "sha512-0CY3/K54slrzLDjOA7TOjN1NuLKERBgk9nY5V34mhmuu673YNb+7ghaDUs6N0ujXR7fz5XaS5Aa6d2TNxZd0OQ=="],

    "@rollup/rollup-darwin-x64": ["@rollup/rollup-darwin-x64@4.34.9", "", { "os": "darwin", "cpu": "x64" }, "sha512-eOojSEAi/acnsJVYRxnMkPFqcxSMFfrw7r2iD9Q32SGkb/Q9FpUY1UlAu1DH9T7j++gZ0lHjnm4OyH2vCI7l7Q=="],

    "@rollup/rollup-freebsd-arm64": ["@rollup/rollup-freebsd-arm64@4.34.9", "", { "os": "freebsd", "cpu": "arm64" }, "sha512-2lzjQPJbN5UnHm7bHIUKFMulGTQwdvOkouJDpPysJS+QFBGDJqcfh+CxxtG23Ik/9tEvnebQiylYoazFMAgrYw=="],

    "@rollup/rollup-freebsd-x64": ["@rollup/rollup-freebsd-x64@4.34.9", "", { "os": "freebsd", "cpu": "x64" }, "sha512-SLl0hi2Ah2H7xQYd6Qaiu01kFPzQ+hqvdYSoOtHYg/zCIFs6t8sV95kaoqjzjFwuYQLtOI0RZre/Ke0nPaQV+g=="],

    "@rollup/rollup-linux-arm-gnueabihf": ["@rollup/rollup-linux-arm-gnueabihf@4.34.9", "", { "os": "linux", "cpu": "arm" }, "sha512-88I+D3TeKItrw+Y/2ud4Tw0+3CxQ2kLgu3QvrogZ0OfkmX/DEppehus7L3TS2Q4lpB+hYyxhkQiYPJ6Mf5/dPg=="],

    "@rollup/rollup-linux-arm-musleabihf": ["@rollup/rollup-linux-arm-musleabihf@4.34.9", "", { "os": "linux", "cpu": "arm" }, "sha512-3qyfWljSFHi9zH0KgtEPG4cBXHDFhwD8kwg6xLfHQ0IWuH9crp005GfoUUh/6w9/FWGBwEHg3lxK1iHRN1MFlA=="],

    "@rollup/rollup-linux-arm64-gnu": ["@rollup/rollup-linux-arm64-gnu@4.34.9", "", { "os": "linux", "cpu": "arm64" }, "sha512-6TZjPHjKZUQKmVKMUowF3ewHxctrRR09eYyvT5eFv8w/fXarEra83A2mHTVJLA5xU91aCNOUnM+DWFMSbQ0Nxw=="],

    "@rollup/rollup-linux-arm64-musl": ["@rollup/rollup-linux-arm64-musl@4.34.9", "", { "os": "linux", "cpu": "arm64" }, "sha512-LD2fytxZJZ6xzOKnMbIpgzFOuIKlxVOpiMAXawsAZ2mHBPEYOnLRK5TTEsID6z4eM23DuO88X0Tq1mErHMVq0A=="],

    "@rollup/rollup-linux-loongarch64-gnu": ["@rollup/rollup-linux-loongarch64-gnu@4.34.9", "", { "os": "linux", "cpu": "none" }, "sha512-dRAgTfDsn0TE0HI6cmo13hemKpVHOEyeciGtvlBTkpx/F65kTvShtY/EVyZEIfxFkV5JJTuQ9tP5HGBS0hfxIg=="],

    "@rollup/rollup-linux-powerpc64le-gnu": ["@rollup/rollup-linux-powerpc64le-gnu@4.34.9", "", { "os": "linux", "cpu": "ppc64" }, "sha512-PHcNOAEhkoMSQtMf+rJofwisZqaU8iQ8EaSps58f5HYll9EAY5BSErCZ8qBDMVbq88h4UxaNPlbrKqfWP8RfJA=="],

    "@rollup/rollup-linux-riscv64-gnu": ["@rollup/rollup-linux-riscv64-gnu@4.34.9", "", { "os": "linux", "cpu": "none" }, "sha512-Z2i0Uy5G96KBYKjeQFKbbsB54xFOL5/y1P5wNBsbXB8yE+At3oh0DVMjQVzCJRJSfReiB2tX8T6HUFZ2k8iaKg=="],

    "@rollup/rollup-linux-s390x-gnu": ["@rollup/rollup-linux-s390x-gnu@4.34.9", "", { "os": "linux", "cpu": "s390x" }, "sha512-U+5SwTMoeYXoDzJX5dhDTxRltSrIax8KWwfaaYcynuJw8mT33W7oOgz0a+AaXtGuvhzTr2tVKh5UO8GVANTxyQ=="],

    "@rollup/rollup-linux-x64-gnu": ["@rollup/rollup-linux-x64-gnu@4.34.9", "", { "os": "linux", "cpu": "x64" }, "sha512-FwBHNSOjUTQLP4MG7y6rR6qbGw4MFeQnIBrMe161QGaQoBQLqSUEKlHIiVgF3g/mb3lxlxzJOpIBhaP+C+KP2A=="],

    "@rollup/rollup-linux-x64-musl": ["@rollup/rollup-linux-x64-musl@4.34.9", "", { "os": "linux", "cpu": "x64" }, "sha512-cYRpV4650z2I3/s6+5/LONkjIz8MBeqrk+vPXV10ORBnshpn8S32bPqQ2Utv39jCiDcO2eJTuSlPXpnvmaIgRA=="],

    "@rollup/rollup-win32-arm64-msvc": ["@rollup/rollup-win32-arm64-msvc@4.34.9", "", { "os": "win32", "cpu": "arm64" }, "sha512-z4mQK9dAN6byRA/vsSgQiPeuO63wdiDxZ9yg9iyX2QTzKuQM7T4xlBoeUP/J8uiFkqxkcWndWi+W7bXdPbt27Q=="],

    "@rollup/rollup-win32-ia32-msvc": ["@rollup/rollup-win32-ia32-msvc@4.34.9", "", { "os": "win32", "cpu": "ia32" }, "sha512-KB48mPtaoHy1AwDNkAJfHXvHp24H0ryZog28spEs0V48l3H1fr4i37tiyHsgKZJnCmvxsbATdZGBpbmxTE3a9w=="],

    "@rollup/rollup-win32-x64-msvc": ["@rollup/rollup-win32-x64-msvc@4.34.9", "", { "os": "win32", "cpu": "x64" }, "sha512-AyleYRPU7+rgkMWbEh71fQlrzRfeP6SyMnRf9XX4fCdDPAJumdSBqYEcWPMzVQ4ScAl7E4oFfK0GUVn77xSwbw=="],

    "@sveltejs/acorn-typescript": ["@sveltejs/acorn-typescript@1.0.5", "", { "peerDependencies": { "acorn": "^8.9.0" } }, "sha512-IwQk4yfwLdibDlrXVE04jTZYlLnwsTT2PIOQQGNLWfjavGifnk1JD1LcZjZaBTRcxZu2FfPfNLOE04DSu9lqtQ=="],

    "@sveltejs/adapter-static": ["@sveltejs/adapter-static@3.0.8", "", { "peerDependencies": { "@sveltejs/kit": "^2.0.0" } }, "sha512-YaDrquRpZwfcXbnlDsSrBQNCChVOT9MGuSg+dMAyfsAa1SmiAhrA5jUYUiIMC59G92kIbY/AaQOWcBdq+lh+zg=="],

    "@sveltejs/kit": ["@sveltejs/kit@2.18.0", "", { "dependencies": { "@types/cookie": "^0.6.0", "cookie": "^0.6.0", "devalue": "^5.1.0", "esm-env": "^1.2.2", "import-meta-resolve": "^4.1.0", "kleur": "^4.1.5", "magic-string": "^0.30.5", "mrmime": "^2.0.0", "sade": "^1.8.1", "set-cookie-parser": "^2.6.0", "sirv": "^3.0.0" }, "peerDependencies": { "@sveltejs/vite-plugin-svelte": "^3.0.0 || ^4.0.0-next.1 || ^5.0.0", "svelte": "^4.0.0 || ^5.0.0-next.0", "vite": "^5.0.3 || ^6.0.0" }, "bin": { "svelte-kit": "svelte-kit.js" } }, "sha512-4DGCGiwNzgnPJySlMe/Qi6rKMK3ntphJaV95BTW+aggaTIAVZ5x3Bp+LURVLMxAEAtWAI5U449NafVxTS+kXbQ=="],

    "@sveltejs/vite-plugin-svelte": ["@sveltejs/vite-plugin-svelte@5.0.3", "", { "dependencies": { "@sveltejs/vite-plugin-svelte-inspector": "^4.0.1", "debug": "^4.4.0", "deepmerge": "^4.3.1", "kleur": "^4.1.5", "magic-string": "^0.30.15", "vitefu": "^1.0.4" }, "peerDependencies": { "svelte": "^5.0.0", "vite": "^6.0.0" } }, "sha512-MCFS6CrQDu1yGwspm4qtli0e63vaPCehf6V7pIMP15AsWgMKrqDGCPFF/0kn4SP0ii4aySu4Pa62+fIRGFMjgw=="],

    "@sveltejs/vite-plugin-svelte-inspector": ["@sveltejs/vite-plugin-svelte-inspector@4.0.1", "", { "dependencies": { "debug": "^4.3.7" }, "peerDependencies": { "@sveltejs/vite-plugin-svelte": "^5.0.0", "svelte": "^5.0.0", "vite": "^6.0.0" } }, "sha512-J/Nmb2Q2y7mck2hyCX4ckVHcR5tu2J+MtBEQqpDrrgELZ2uvraQcK/ioCV61AqkdXFgriksOKIceDcQmqnGhVw=="],

    "@tailwindcss/forms": ["@tailwindcss/forms@0.5.10", "", { "dependencies": { "mini-svg-data-uri": "^1.2.3" }, "peerDependencies": { "tailwindcss": ">=3.0.0 || >= 3.0.0-alpha.1 || >= 4.0.0-alpha.20 || >= 4.0.0-beta.1" } }, "sha512-utI1ONF6uf/pPNO68kmN1b8rEwNXv3czukalo8VtJH8ksIkZXr3Q3VYudZLkCsDd4Wku120uF02hYK25XGPorw=="],

    "@tailwindcss/node": ["@tailwindcss/node@4.0.11", "", { "dependencies": { "enhanced-resolve": "^5.18.1", "jiti": "^2.4.2", "tailwindcss": "4.0.11" } }, "sha512-y1Ko/QaZh6Fv8sSOOPpRztT8nvNKSetvE4CLxsDdyY5kkBS7hKq04D3y3ldelniWe6YqRIzBHTzfAIc1hZ+0FA=="],

    "@tailwindcss/oxide": ["@tailwindcss/oxide@4.0.11", "", { "optionalDependencies": { "@tailwindcss/oxide-android-arm64": "4.0.11", "@tailwindcss/oxide-darwin-arm64": "4.0.11", "@tailwindcss/oxide-darwin-x64": "4.0.11", "@tailwindcss/oxide-freebsd-x64": "4.0.11", "@tailwindcss/oxide-linux-arm-gnueabihf": "4.0.11", "@tailwindcss/oxide-linux-arm64-gnu": "4.0.11", "@tailwindcss/oxide-linux-arm64-musl": "4.0.11", "@tailwindcss/oxide-linux-x64-gnu": "4.0.11", "@tailwindcss/oxide-linux-x64-musl": "4.0.11", "@tailwindcss/oxide-win32-arm64-msvc": "4.0.11", "@tailwindcss/oxide-win32-x64-msvc": "4.0.11" } }, "sha512-vpR3j69boI64ftpDbbC2NPXhbF7LEkBbQ/Ol1mSU9medtdcmabMiEPlN9FtvE2IkoXZpiDM1utSsdutZSka9Cg=="],

    "@tailwindcss/oxide-android-arm64": ["@tailwindcss/oxide-android-arm64@4.0.11", "", { "os": "android", "cpu": "arm64" }, "sha512-6gGLTOwR3WNh63pUnY6znRY7XiLRVmvyAkQRdyRxPquNIZ7lTeqWlZcxt5Gtlh1VzZXkQ8OWyYte8ZBnulhvwA=="],

    "@tailwindcss/oxide-darwin-arm64": ["@tailwindcss/oxide-darwin-arm64@4.0.11", "", { "os": "darwin", "cpu": "arm64" }, "sha512-CM5SF53zzqYqQQGlP6N94zTliUi2FxW4itr223xb2PWgbwf48JTE2P6DNrA5DHOxacIliiCYiBzmKGwKdGMu8w=="],

    "@tailwindcss/oxide-darwin-x64": ["@tailwindcss/oxide-darwin-x64@4.0.11", "", { "os": "darwin", "cpu": "x64" }, "sha512-YB1LJC04O3UugV0egl3jnpXWyJIlcV7oVb0cplcqG0aP6nPYH0SqmD+ysbOrl6Ti1qAVuOHnfJvnAup2hbXMgw=="],

    "@tailwindcss/oxide-freebsd-x64": ["@tailwindcss/oxide-freebsd-x64@4.0.11", "", { "os": "freebsd", "cpu": "x64" }, "sha512-tK63Mi/kbU5GVZFkUH+zLL/G0yiRGY15MU2xFUa3H2q2px4IuWJTWRmv6iPOcZm3kYpsh+0C+dSoz0lDEknENg=="],

    "@tailwindcss/oxide-linux-arm-gnueabihf": ["@tailwindcss/oxide-linux-arm-gnueabihf@4.0.11", "", { "os": "linux", "cpu": "arm" }, "sha512-vMJPxCQtdhqGGw1MOQnPJ6hyh5BR5EQhRXJk9Ji/1oo2P1chgEaPuGYGZGdZMy9bnFaufnjae0liqk6E3SNTFw=="],

    "@tailwindcss/oxide-linux-arm64-gnu": ["@tailwindcss/oxide-linux-arm64-gnu@4.0.11", "", { "os": "linux", "cpu": "arm64" }, "sha512-5qac6Wps9vCwkQcgyw+VlJvXkdGoOnJp8eK3TaKpZ3fTQozGgvy/AyimV8I7I4ZjU6mTjuQbZe1CPP/cuG+Ldw=="],

    "@tailwindcss/oxide-linux-arm64-musl": ["@tailwindcss/oxide-linux-arm64-musl@4.0.11", "", { "os": "linux", "cpu": "arm64" }, "sha512-hR/Lw7QgODodKLpf37+ohJJZjYEJLg6c+h3nIXJ6eLYDbCZjJ0Z0+jHP0rHXyGab7JL+QlIksNuNbJjj+2qpsw=="],

    "@tailwindcss/oxide-linux-x64-gnu": ["@tailwindcss/oxide-linux-x64-gnu@4.0.11", "", { "os": "linux", "cpu": "x64" }, "sha512-4aCBYzU2SyFUw/dSP3SYAaeo3I7+c6to9acqXAl/Y5XnAO3q6SBrjw2sU2RG7f5Yi+jxevFh4BcOS5ofhhoTIA=="],

    "@tailwindcss/oxide-linux-x64-musl": ["@tailwindcss/oxide-linux-x64-musl@4.0.11", "", { "os": "linux", "cpu": "x64" }, "sha512-Y5j5Yp3lRcgyzOF+CY+u54aUUtvZ6OwiVPeILE3wqbsDA6X3UiUpVr8tW2eREERld0gELfXG8TyNAtDsBIOHwA=="],

    "@tailwindcss/oxide-win32-arm64-msvc": ["@tailwindcss/oxide-win32-arm64-msvc@4.0.11", "", { "os": "win32", "cpu": "arm64" }, "sha512-ofgW1IugQDJR+fGJUZMniwTzrwHvaw6wpoOE1mIXBFP2wWoDjvNTXUJyMDxF2N6UypXGYCJMDdEohB1CyWf9cg=="],

    "@tailwindcss/oxide-win32-x64-msvc": ["@tailwindcss/oxide-win32-x64-msvc@4.0.11", "", { "os": "win32", "cpu": "x64" }, "sha512-jUDa1xZNVPuarkEbwxh8aFQ3oagDQRYXcPmfsiDZ2IAxcYnE8YPNbA2HvFxJowppnnu/v/xdWvneN24VBr1Zpw=="],

    "@tailwindcss/vite": ["@tailwindcss/vite@4.0.11", "", { "dependencies": { "@tailwindcss/node": "4.0.11", "@tailwindcss/oxide": "4.0.11", "lightningcss": "^1.29.1", "tailwindcss": "4.0.11" }, "peerDependencies": { "vite": "^5.2.0 || ^6" } }, "sha512-rjzupwJLR/2d06SQ7JWPyEdj95qW4tGcP/i6vHkbtHnDR0XkohaG7ab8lKHnxJsr+/4RDHwKDGRPKB3VWgx2vg=="],

    "@tauri-apps/api": ["@tauri-apps/api@2.3.0", "", {}, "sha512-33Z+0lX2wgZbx1SPFfqvzI6su63hCBkbzv+5NexeYjIx7WA9htdOKoRR7Dh3dJyltqS5/J8vQFyybiRoaL0hlA=="],

    "@tauri-apps/cli": ["@tauri-apps/cli@2.3.1", "", { "optionalDependencies": { "@tauri-apps/cli-darwin-arm64": "2.3.1", "@tauri-apps/cli-darwin-x64": "2.3.1", "@tauri-apps/cli-linux-arm-gnueabihf": "2.3.1", "@tauri-apps/cli-linux-arm64-gnu": "2.3.1", "@tauri-apps/cli-linux-arm64-musl": "2.3.1", "@tauri-apps/cli-linux-x64-gnu": "2.3.1", "@tauri-apps/cli-linux-x64-musl": "2.3.1", "@tauri-apps/cli-win32-arm64-msvc": "2.3.1", "@tauri-apps/cli-win32-ia32-msvc": "2.3.1", "@tauri-apps/cli-win32-x64-msvc": "2.3.1" }, "bin": { "tauri": "tauri.js" } }, "sha512-xewcw/ZsCqgilTy2h7+pp2Baxoy7zLR2wXOV7SZLzkb6SshHVbm1BFAjn8iFATURRW85KLzl6wSGJ2dQHjVHqw=="],

    "@tauri-apps/cli-darwin-arm64": ["@tauri-apps/cli-darwin-arm64@2.3.1", "", { "os": "darwin", "cpu": "arm64" }, "sha512-TOhSdsXYt+f+asRU+Dl+Wufglj/7+CX9h8RO4hl5k7D6lR4L8yTtdhpS7btaclOMmjYC4piNfJE70GoxhOoYWw=="],

    "@tauri-apps/cli-darwin-x64": ["@tauri-apps/cli-darwin-x64@2.3.1", "", { "os": "darwin", "cpu": "x64" }, "sha512-LDwGg3AuBQ3aCeMAFaFwt0MSGOVFoXuXEe0z4QxQ7jZE5tdAOhKABaq4i569V5lShCgQZ6nLD/tmA5+GipvHnA=="],

    "@tauri-apps/cli-linux-arm-gnueabihf": ["@tauri-apps/cli-linux-arm-gnueabihf@2.3.1", "", { "os": "linux", "cpu": "arm" }, "sha512-hu3HpbbtJBvHXw5i54QHwLxOUoXWqhf7CL2YYSPOrWEEQo10NKddulP61L5gfr5z+bSSaitfLwqgTidgnaNJCA=="],

    "@tauri-apps/cli-linux-arm64-gnu": ["@tauri-apps/cli-linux-arm64-gnu@2.3.1", "", { "os": "linux", "cpu": "arm64" }, "sha512-mEGgwkiGSKYXWHhGodo7zU9PCd2I/d6KkR+Wp1nzK+DxsCrEK6yJ5XxYLSQSDcKkM4dCxpVEPUiVMbDhmn08jg=="],

    "@tauri-apps/cli-linux-arm64-musl": ["@tauri-apps/cli-linux-arm64-musl@2.3.1", "", { "os": "linux", "cpu": "arm64" }, "sha512-tqQkafikGfnc7ISnGjSYkbpnzJKEyO8XSa0YOXTAL3J8R5Pss5ZIZY7G8kq1mwQSR/dPVR1ZLTVXgZGuysjP8w=="],

    "@tauri-apps/cli-linux-x64-gnu": ["@tauri-apps/cli-linux-x64-gnu@2.3.1", "", { "os": "linux", "cpu": "x64" }, "sha512-I3puDJ2wGEauXlXbzIHn2etz78TaWs1cpN6zre02maHr6ZR7nf7euTCOGPhhfoMG0opA5mT/eLuYpVw648/VAA=="],

    "@tauri-apps/cli-linux-x64-musl": ["@tauri-apps/cli-linux-x64-musl@2.3.1", "", { "os": "linux", "cpu": "x64" }, "sha512-rbWiCOBuQN7tPySkUyBs914uUikE3mEUOqV/IFospvKESw4UC3G1DL5+ybfXH7Orb8/in3JpJuVzYQjo+OSbBA=="],

    "@tauri-apps/cli-win32-arm64-msvc": ["@tauri-apps/cli-win32-arm64-msvc@2.3.1", "", { "os": "win32", "cpu": "arm64" }, "sha512-PdTmUzSeTHjJuBpCV7L+V29fPhPtToU+NZU46slHKSA1aT38MiFDXBZ/6P5Zudrt9QPMfIubqnJKbK8Ivvv7Ww=="],

    "@tauri-apps/cli-win32-ia32-msvc": ["@tauri-apps/cli-win32-ia32-msvc@2.3.1", "", { "os": "win32", "cpu": "ia32" }, "sha512-K/Xa97kspWT4UWj3t26lL2D3QsopTAxS7kWi5kObdqtAGn3qD52qBi24FH38TdvHYz4QlnLIb30TukviCgh4gw=="],

    "@tauri-apps/cli-win32-x64-msvc": ["@tauri-apps/cli-win32-x64-msvc@2.3.1", "", { "os": "win32", "cpu": "x64" }, "sha512-RgwzXbP8gAno3kQEsybMtgLp6D1Z1Nec2cftryYbPTJmoMJs6e4qgtxuTSbUz5SKnHe8rGgMiFSvEGoHvbG72Q=="],

    "@tauri-apps/plugin-opener": ["@tauri-apps/plugin-opener@2.2.6", "", { "dependencies": { "@tauri-apps/api": "^2.0.0" } }, "sha512-bSdkuP71ZQRepPOn8BOEdBKYJQvl6+jb160QtJX/i2H9BF6ZySY/kYljh76N2Ne5fJMQRge7rlKoStYQY5Jq1w=="],

    "@types/cookie": ["@types/cookie@0.6.0", "", {}, "sha512-4Kh9a6B2bQciAhf7FSuMRRkUWecJgJu9nPnx3yzpsfXX/c50REIqpHY4C82bXP90qrLtXtkDxTZosYO3UpOwlA=="],

    "@types/estree": ["@types/estree@1.0.6", "", {}, "sha512-AYnb1nQyY49te+VRAVgmzfcgjYS91mY5P0TKUDCLEM+gNnA+3T6rWITXRLYCpahpqSQbN5cE+gHpnPyXjHWxcw=="],

    "acorn": ["acorn@8.14.1", "", { "bin": { "acorn": "bin/acorn" } }, "sha512-OvQ/2pUDKmgfCg++xsTX1wGxfTaszcHVcTctW4UJB4hibJx2HXxxO5UmVgyjMa+ZDsiaf5wWLXYpRWMmBI0QHg=="],

    "aria-query": ["aria-query@5.3.2", "", {}, "sha512-COROpnaoap1E2F000S62r6A60uHZnmlvomhfyT2DlTcrY1OrBKn2UhH7qn5wTC9zMvD0AY7csdPSNwKP+7WiQw=="],

    "autoprefixer": ["autoprefixer@10.4.20", "", { "dependencies": { "browserslist": "^4.23.3", "caniuse-lite": "^1.0.30001646", "fraction.js": "^4.3.7", "normalize-range": "^0.1.2", "picocolors": "^1.0.1", "postcss-value-parser": "^4.2.0" }, "peerDependencies": { "postcss": "^8.1.0" }, "bin": { "autoprefixer": "bin/autoprefixer" } }, "sha512-XY25y5xSv/wEoqzDyXXME4AFfkZI0P23z6Fs3YgymDnKJkCGOnkL0iTxCa85UTqaSgfcqyf3UA6+c7wUvx/16g=="],

    "axobject-query": ["axobject-query@4.1.0", "", {}, "sha512-qIj0G9wZbMGNLjLmg1PT6v2mE9AH2zlnADJD/2tC6E00hgmhUOfEB6greHPAfLRSufHqROIUTkw6E+M3lH0PTQ=="],

    "browserslist": ["browserslist@4.24.4", "", { "dependencies": { "caniuse-lite": "^1.0.30001688", "electron-to-chromium": "^1.5.73", "node-releases": "^2.0.19", "update-browserslist-db": "^1.1.1" }, "bin": { "browserslist": "cli.js" } }, "sha512-KDi1Ny1gSePi1vm0q4oxSF8b4DR44GF4BbmS2YdhPLOEqd8pDviZOGH/GsmRwoWJ2+5Lr085X7naowMwKHDG1A=="],

    "caniuse-lite": ["caniuse-lite@1.0.30001702", "", {}, "sha512-LoPe/D7zioC0REI5W73PeR1e1MLCipRGq/VkovJnd6Df+QVqT+vT33OXCp8QUd7kA7RZrHWxb1B36OQKI/0gOA=="],

    "chokidar": ["chokidar@4.0.3", "", { "dependencies": { "readdirp": "^4.0.1" } }, "sha512-Qgzu8kfBvo+cA4962jnP1KkS6Dop5NS6g7R5LFYJr4b8Ub94PPQXUksCw9PvXoeXPRRddRNC5C1JQUR2SMGtnA=="],

    "clsx": ["clsx@2.1.1", "", {}, "sha512-eYm0QWBtUrBWZWG0d386OGAw16Z995PiOVo2B7bjWSbHedGl5e0ZWaq65kOGgUSNesEIDkB9ISbTg/JK9dhCZA=="],

    "cookie": ["cookie@0.6.0", "", {}, "sha512-U71cyTamuh1CRNCfpGY6to28lxvNwPG4Guz/EVjgf3Jmzv0vlDp1atT9eS5dDjMYHucpHbWns6Lwf3BKz6svdw=="],

    "debug": ["debug@4.4.0", "", { "dependencies": { "ms": "^2.1.3" } }, "sha512-6WTZ/IxCY/T6BALoZHaE4ctp9xm+Z5kY/pzYaCHRFeyVhojxlrm+46y68HA6hr0TcwEssoxNiDEUJQjfPZ/RYA=="],

    "deepmerge": ["deepmerge@4.3.1", "", {}, "sha512-3sUqbMEc77XqpdNO7FRyRog+eW3ph+GYCbj+rK+uYyRMuwsVy0rMiVtPn+QJlKFvWP/1PYpapqYn0Me2knFn+A=="],

    "detect-libc": ["detect-libc@2.0.3", "", {}, "sha512-bwy0MGW55bG41VqxxypOsdSdGqLwXPI/focwgTYCFMbdUiBAxLg9CFzG08sz2aqzknwiX7Hkl0bQENjg8iLByw=="],

    "devalue": ["devalue@5.1.1", "", {}, "sha512-maua5KUiapvEwiEAe+XnlZ3Rh0GD+qI1J/nb9vrJc3muPXvcF/8gXYTWF76+5DAqHyDUtOIImEuo0YKE9mshVw=="],

    "electron-to-chromium": ["electron-to-chromium@1.5.113", "", {}, "sha512-wjT2O4hX+wdWPJ76gWSkMhcHAV2PTMX+QetUCPYEdCIe+cxmgzzSSiGRCKW8nuh4mwKZlpv0xvoW7OF2X+wmHg=="],

    "enhanced-resolve": ["enhanced-resolve@5.18.1", "", { "dependencies": { "graceful-fs": "^4.2.4", "tapable": "^2.2.0" } }, "sha512-ZSW3ma5GkcQBIpwZTSRAI8N71Uuwgs93IezB7mf7R60tC8ZbJideoDNKjHn2O9KIlx6rkGTTEk1xUCK2E1Y2Yg=="],

    "esbuild": ["esbuild@0.25.0", "", { "optionalDependencies": { "@esbuild/aix-ppc64": "0.25.0", "@esbuild/android-arm": "0.25.0", "@esbuild/android-arm64": "0.25.0", "@esbuild/android-x64": "0.25.0", "@esbuild/darwin-arm64": "0.25.0", "@esbuild/darwin-x64": "0.25.0", "@esbuild/freebsd-arm64": "0.25.0", "@esbuild/freebsd-x64": "0.25.0", "@esbuild/linux-arm": "0.25.0", "@esbuild/linux-arm64": "0.25.0", "@esbuild/linux-ia32": "0.25.0", "@esbuild/linux-loong64": "0.25.0", "@esbuild/linux-mips64el": "0.25.0", "@esbuild/linux-ppc64": "0.25.0", "@esbuild/linux-riscv64": "0.25.0", "@esbuild/linux-s390x": "0.25.0", "@esbuild/linux-x64": "0.25.0", "@esbuild/netbsd-arm64": "0.25.0", "@esbuild/netbsd-x64": "0.25.0", "@esbuild/openbsd-arm64": "0.25.0", "@esbuild/openbsd-x64": "0.25.0", "@esbuild/sunos-x64": "0.25.0", "@esbuild/win32-arm64": "0.25.0", "@esbuild/win32-ia32": "0.25.0", "@esbuild/win32-x64": "0.25.0" }, "bin": { "esbuild": "bin/esbuild" } }, "sha512-BXq5mqc8ltbaN34cDqWuYKyNhX8D/Z0J1xdtdQ8UcIIIyJyz+ZMKUt58tF3SrZ85jcfN/PZYhjR5uDQAYNVbuw=="],

    "escalade": ["escalade@3.2.0", "", {}, "sha512-WUj2qlxaQtO4g6Pq5c29GTcWGDyd8itL8zTlipgECz3JesAiiOKotd8JU6otB3PACgG6xkJUyVhboMS+bje/jA=="],

    "esm-env": ["esm-env@1.2.2", "", {}, "sha512-Epxrv+Nr/CaL4ZcFGPJIYLWFom+YeV1DqMLHJoEd9SYRxNbaFruBwfEX/kkHUJf55j2+TUbmDcmuilbP1TmXHA=="],

    "esrap": ["esrap@1.4.5", "", { "dependencies": { "@jridgewell/sourcemap-codec": "^1.4.15" } }, "sha512-CjNMjkBWWZeHn+VX+gS8YvFwJ5+NDhg8aWZBSFJPR8qQduDNjbJodA2WcwCm7uQa5Rjqj+nZvVmceg1RbHFB9g=="],

    "fdir": ["fdir@6.4.3", "", { "peerDependencies": { "picomatch": "^3 || ^4" }, "optionalPeers": ["picomatch"] }, "sha512-PMXmW2y1hDDfTSRc9gaXIuCCRpuoz3Kaz8cUelp3smouvfT632ozg2vrT6lJsHKKOF59YLbOGfAWGUcKEfRMQw=="],

    "fraction.js": ["fraction.js@4.3.7", "", {}, "sha512-ZsDfxO51wGAXREY55a7la9LScWpwv9RxIrYABrlvOFBlH/ShPnrtsXeuUIfXKKOVicNxQ+o8JTbJvjS4M89yew=="],

    "fsevents": ["fsevents@2.3.3", "", { "os": "darwin" }, "sha512-5xoDfX+fL7faATnagmWPpbFtwh/R77WmMMqqHGS65C3vvB0YHrgF+B1YmZ3441tMj5n63k0212XNoJwzlhffQw=="],

    "globals": ["globals@11.12.0", "", {}, "sha512-WOBp/EEGUiIsJSp7wcv/y6MO+lV9UoncWqxuFfm8eBwzWNgyfBd6Gz+IeKQ9jCmyhoH99g15M3T+QaVHFjizVA=="],

    "graceful-fs": ["graceful-fs@4.2.11", "", {}, "sha512-RbJ5/jmFcNNCcDV5o9eTnBLJ/HszWV0P73bc+Ff4nS/rJj+YaS6IGyiOL0VoBYX+l1Wrl3k63h/KrH+nhJ0XvQ=="],

    "import-meta-resolve": ["import-meta-resolve@4.1.0", "", {}, "sha512-I6fiaX09Xivtk+THaMfAwnA3MVA5Big1WHF1Dfx9hFuvNIWpXnorlkzhcQf6ehrqQiiZECRt1poOAkPmer3ruw=="],

    "is-reference": ["is-reference@3.0.3", "", { "dependencies": { "@types/estree": "^1.0.6" } }, "sha512-ixkJoqQvAP88E6wLydLGGqCJsrFUnqoH6HnaczB8XmDH1oaWU+xxdptvikTgaEhtZ53Ky6YXiBuUI2WXLMCwjw=="],

    "jiti": ["jiti@1.21.7", "", { "bin": { "jiti": "bin/jiti.js" } }, "sha512-/imKNG4EbWNrVjoNC/1H5/9GFy+tqjGBHCaSsN+P2RnPqjsLmv6UD3Ej+Kj8nBWaRAwyk7kK5ZUc+OEatnTR3A=="],

    "js-tokens": ["js-tokens@4.0.0", "", {}, "sha512-RdJUflcE3cUzKiMqQgsCu06FPu9UdIJO0beYbPhHN4k6apgJtifcoCtT9bcxOpYBtpD2kCM6Sbzg4CausW/PKQ=="],

    "jsesc": ["jsesc@3.1.0", "", { "bin": { "jsesc": "bin/jsesc" } }, "sha512-/sM3dO2FOzXjKQhJuo0Q173wf2KOo8t4I8vHy6lF9poUp7bKT0/NHE8fPX23PwfhnykfqnC2xRxOnVw5XuGIaA=="],

    "kleur": ["kleur@4.1.5", "", {}, "sha512-o+NO+8WrRiQEE4/7nwRJhN1HWpVmJm511pBHUxPLtp0BUISzlBplORYSmTclCnJvQq2tKu/sgl3xVpkc7ZWuQQ=="],

    "lefthook": ["lefthook@1.11.2", "", { "optionalDependencies": { "lefthook-darwin-arm64": "1.11.2", "lefthook-darwin-x64": "1.11.2", "lefthook-freebsd-arm64": "1.11.2", "lefthook-freebsd-x64": "1.11.2", "lefthook-linux-arm64": "1.11.2", "lefthook-linux-x64": "1.11.2", "lefthook-openbsd-arm64": "1.11.2", "lefthook-openbsd-x64": "1.11.2", "lefthook-windows-arm64": "1.11.2", "lefthook-windows-x64": "1.11.2" }, "bin": { "lefthook": "bin/index.js" } }, "sha512-/5royc/WbL2KTfFJ54wEdvxUZOBXwc54v/fW2Bz4LMOkAA3LWIxnoUiybSiauu+nhdTG98qERxH1YHwF2wZlAA=="],

    "lefthook-darwin-arm64": ["lefthook-darwin-arm64@1.11.2", "", { "os": "darwin", "cpu": "arm64" }, "sha512-8DpvrybtWdt6UmfZk+hA8daYXr6zkpJVogZ8M49BQx6ISSKUaC03xzO1m4MrAsoKok77ka4JAidYhOa2gCu15A=="],

    "lefthook-darwin-x64": ["lefthook-darwin-x64@1.11.2", "", { "os": "darwin", "cpu": "x64" }, "sha512-DrL1SOT8lJksjudRu6fTZTp3M0EbpCP2RQ22MDT71clS8BMrFL8x3h9Ziw+uNH76j9zA241tW5zMxWMSv+foAA=="],

    "lefthook-freebsd-arm64": ["lefthook-freebsd-arm64@1.11.2", "", { "os": "freebsd", "cpu": "arm64" }, "sha512-AliG4Wi8BNC27hCSnuFBeUXh/eA3fppnUbQQPISy/G94yfwRkzyml9MZzvb7HKmUpw1LT0sq9RQ6FQPxBZ2DYA=="],

    "lefthook-freebsd-x64": ["lefthook-freebsd-x64@1.11.2", "", { "os": "freebsd", "cpu": "x64" }, "sha512-V6cgRCoi5+jcq6XBIdRYraeEOK1UhBrtL/XZlNypAIkhPoBtfTP9u2wSprGMDzZvJCRriLXZxV/d0v94laKXzA=="],

    "lefthook-linux-arm64": ["lefthook-linux-arm64@1.11.2", "", { "os": "linux", "cpu": "arm64" }, "sha512-VKcK7sjIK8UpXX/qK6Fxa0Lnwr4gzRtlXDS17jzxThcyFk8iGBpQ+9ZnPLv2yAaEIzmGhJUG9sDgOb9IQ5kpBQ=="],

    "lefthook-linux-x64": ["lefthook-linux-x64@1.11.2", "", { "os": "linux", "cpu": "x64" }, "sha512-aGa2Krph14YwSW7KF0PrlCBK9P7V/Z4oFklonmz3r2Fjm8EdhA750y7OQvA9KerXRleIb5SaUH/cz1azG/izeQ=="],

    "lefthook-openbsd-arm64": ["lefthook-openbsd-arm64@1.11.2", "", { "os": "openbsd", "cpu": "arm64" }, "sha512-f7owNQ9Ki6Y07KBgdXdH28EYO0eBdZuGTpIggMeHNhYFVDavxuINP2BjmbXtzpUu8K5BX6exGx0umtWhRhXbvQ=="],

    "lefthook-openbsd-x64": ["lefthook-openbsd-x64@1.11.2", "", { "os": "openbsd", "cpu": "x64" }, "sha512-HKv6PV64vOjqPrlxAqo07N9+Z34jdPDBfeExqi0ldR7vACFaBJFIdhWCLLP+3uQUrNKc8GXlikqplZn8MgRSQw=="],

    "lefthook-windows-arm64": ["lefthook-windows-arm64@1.11.2", "", { "os": "win32", "cpu": "arm64" }, "sha512-042jCKZ/H+lS6XYoMIf2FWMP2hxXqfAT52UW6lYObIOvQ5xu/epUXFjtmXRyYxCv57No3JYYMg1Yr06xdzTKkQ=="],

    "lefthook-windows-x64": ["lefthook-windows-x64@1.11.2", "", { "os": "win32", "cpu": "x64" }, "sha512-1Map6Ck2AyfY6ptN9T19N41HFKFqRTzmILtGaRGJABEzHiE4+gSWcq5YT1R6cCtkVlewD3Lx+J/80D/Kb/cVtw=="],

    "lightningcss": ["lightningcss@1.29.2", "", { "dependencies": { "detect-libc": "^2.0.3" }, "optionalDependencies": { "lightningcss-darwin-arm64": "1.29.2", "lightningcss-darwin-x64": "1.29.2", "lightningcss-freebsd-x64": "1.29.2", "lightningcss-linux-arm-gnueabihf": "1.29.2", "lightningcss-linux-arm64-gnu": "1.29.2", "lightningcss-linux-arm64-musl": "1.29.2", "lightningcss-linux-x64-gnu": "1.29.2", "lightningcss-linux-x64-musl": "1.29.2", "lightningcss-win32-arm64-msvc": "1.29.2", "lightningcss-win32-x64-msvc": "1.29.2" } }, "sha512-6b6gd/RUXKaw5keVdSEtqFVdzWnU5jMxTUjA2bVcMNPLwSQ08Sv/UodBVtETLCn7k4S1Ibxwh7k68IwLZPgKaA=="],

    "lightningcss-darwin-arm64": ["lightningcss-darwin-arm64@1.29.2", "", { "os": "darwin", "cpu": "arm64" }, "sha512-cK/eMabSViKn/PG8U/a7aCorpeKLMlK0bQeNHmdb7qUnBkNPnL+oV5DjJUo0kqWsJUapZsM4jCfYItbqBDvlcA=="],

    "lightningcss-darwin-x64": ["lightningcss-darwin-x64@1.29.2", "", { "os": "darwin", "cpu": "x64" }, "sha512-j5qYxamyQw4kDXX5hnnCKMf3mLlHvG44f24Qyi2965/Ycz829MYqjrVg2H8BidybHBp9kom4D7DR5VqCKDXS0w=="],

    "lightningcss-freebsd-x64": ["lightningcss-freebsd-x64@1.29.2", "", { "os": "freebsd", "cpu": "x64" }, "sha512-wDk7M2tM78Ii8ek9YjnY8MjV5f5JN2qNVO+/0BAGZRvXKtQrBC4/cn4ssQIpKIPP44YXw6gFdpUF+Ps+RGsCwg=="],

    "lightningcss-linux-arm-gnueabihf": ["lightningcss-linux-arm-gnueabihf@1.29.2", "", { "os": "linux", "cpu": "arm" }, "sha512-IRUrOrAF2Z+KExdExe3Rz7NSTuuJ2HvCGlMKoquK5pjvo2JY4Rybr+NrKnq0U0hZnx5AnGsuFHjGnNT14w26sg=="],

    "lightningcss-linux-arm64-gnu": ["lightningcss-linux-arm64-gnu@1.29.2", "", { "os": "linux", "cpu": "arm64" }, "sha512-KKCpOlmhdjvUTX/mBuaKemp0oeDIBBLFiU5Fnqxh1/DZ4JPZi4evEH7TKoSBFOSOV3J7iEmmBaw/8dpiUvRKlQ=="],

    "lightningcss-linux-arm64-musl": ["lightningcss-linux-arm64-musl@1.29.2", "", { "os": "linux", "cpu": "arm64" }, "sha512-Q64eM1bPlOOUgxFmoPUefqzY1yV3ctFPE6d/Vt7WzLW4rKTv7MyYNky+FWxRpLkNASTnKQUaiMJ87zNODIrrKQ=="],

    "lightningcss-linux-x64-gnu": ["lightningcss-linux-x64-gnu@1.29.2", "", { "os": "linux", "cpu": "x64" }, "sha512-0v6idDCPG6epLXtBH/RPkHvYx74CVziHo6TMYga8O2EiQApnUPZsbR9nFNrg2cgBzk1AYqEd95TlrsL7nYABQg=="],

    "lightningcss-linux-x64-musl": ["lightningcss-linux-x64-musl@1.29.2", "", { "os": "linux", "cpu": "x64" }, "sha512-rMpz2yawkgGT8RULc5S4WiZopVMOFWjiItBT7aSfDX4NQav6M44rhn5hjtkKzB+wMTRlLLqxkeYEtQ3dd9696w=="],

    "lightningcss-win32-arm64-msvc": ["lightningcss-win32-arm64-msvc@1.29.2", "", { "os": "win32", "cpu": "arm64" }, "sha512-nL7zRW6evGQqYVu/bKGK+zShyz8OVzsCotFgc7judbt6wnB2KbiKKJwBE4SGoDBQ1O94RjW4asrCjQL4i8Fhbw=="],

    "lightningcss-win32-x64-msvc": ["lightningcss-win32-x64-msvc@1.29.2", "", { "os": "win32", "cpu": "x64" }, "sha512-EdIUW3B2vLuHmv7urfzMI/h2fmlnOQBk1xlsDxkN1tCWKjNFjfLhGxYk8C8mzpSfr+A6jFFIi8fU6LbQGsRWjA=="],

    "locate-character": ["locate-character@3.0.0", "", {}, "sha512-SW13ws7BjaeJ6p7Q6CO2nchbYEc3X3J6WrmTTDto7yMPqVSZTUyY5Tjbid+Ab8gLnATtygYtiDIJGQRRn2ZOiA=="],

    "lucide-svelte": ["lucide-svelte@0.477.0", "", { "peerDependencies": { "svelte": "^3 || ^4 || ^5.0.0-next.42" } }, "sha512-w/zj6/CXTtTizIeo8SuWGYu0u45CJ7cD2AtNzIObVHZrWXNgaIIX/2cI25wybjSmYHIi4pub2TLv/kNPKiB3ww=="],

    "magic-string": ["magic-string@0.30.17", "", { "dependencies": { "@jridgewell/sourcemap-codec": "^1.5.0" } }, "sha512-sNPKHvyjVf7gyjwS4xGTaW/mCnF8wnjtifKBEhxfZ7E/S8tQ0rssrwGNn6q8JH/ohItJfSQp9mBtQYuTlH5QnA=="],

    "mini-svg-data-uri": ["mini-svg-data-uri@1.4.4", "", { "bin": { "mini-svg-data-uri": "cli.js" } }, "sha512-r9deDe9p5FJUPZAk3A59wGH7Ii9YrjjWw0jmw/liSbHl2CHiyXj6FcDXDu2K3TjVAXqiJdaw3xxwlZZr9E6nHg=="],

    "mri": ["mri@1.2.0", "", {}, "sha512-tzzskb3bG8LvYGFF/mDTpq3jpI6Q9wc3LEmBaghu+DdCssd1FakN7Bc0hVNmEyGq1bq3RgfkCb3cmQLpNPOroA=="],

    "mrmime": ["mrmime@2.0.1", "", {}, "sha512-Y3wQdFg2Va6etvQ5I82yUhGdsKrcYox6p7FfL1LbK2J4V01F9TGlepTIhnK24t7koZibmg82KGglhA1XK5IsLQ=="],

    "ms": ["ms@2.1.3", "", {}, "sha512-6FlzubTLZG3J2a/NVCAleEhjzq5oxgHyaCU9yYXvcLsvoVaHJq/s5xXI6/XXP6tz7R9xAOtHnSO/tXtF3WRTlA=="],

    "nanoid": ["nanoid@3.3.8", "", { "bin": { "nanoid": "bin/nanoid.cjs" } }, "sha512-WNLf5Sd8oZxOm+TzppcYk8gVOgP+l58xNy58D0nbUnOxOWRWvlcCV4kUF7ltmI6PsrLl/BgKEyS4mqsGChFN0w=="],

    "node-releases": ["node-releases@2.0.19", "", {}, "sha512-xxOWJsBKtzAq7DY0J+DTzuz58K8e7sJbdgwkbMWQe8UYB6ekmsQ45q0M/tJDsGaZmbC+l7n57UV8Hl5tHxO9uw=="],

    "normalize-range": ["normalize-range@0.1.2", "", {}, "sha512-bdok/XvKII3nUpklnV6P2hxtMNrCboOjAcyBuQnWEhO665FwrSNRxU+AqpsyvO6LgGYPspN+lu5CLtw4jPRKNA=="],

    "oxlint": ["oxlint@0.15.13", "", { "optionalDependencies": { "@oxlint/darwin-arm64": "0.15.13", "@oxlint/darwin-x64": "0.15.13", "@oxlint/linux-arm64-gnu": "0.15.13", "@oxlint/linux-arm64-musl": "0.15.13", "@oxlint/linux-x64-gnu": "0.15.13", "@oxlint/linux-x64-musl": "0.15.13", "@oxlint/win32-arm64": "0.15.13", "@oxlint/win32-x64": "0.15.13" }, "bin": { "oxlint": "bin/oxlint", "oxc_language_server": "bin/oxc_language_server" } }, "sha512-MmzoIxomX7wmM3x55Nq7yKVirkXDJePXrUUqyQPSk/PhixeTZ8PVTsZ32jqjBiSphoL6cZIXYkd5iBmqW/zA1Q=="],

    "picocolors": ["picocolors@1.1.1", "", {}, "sha512-xceH2snhtb5M9liqDsmEw56le376mTZkEX/jEb/RxNFyegNul7eNslCXP9FDj/Lcu0X8KEyMceP2ntpaHrDEVA=="],

    "picomatch": ["picomatch@2.3.1", "", {}, "sha512-JU3teHTNjmE2VCGFzuY8EXzCDVwEqB2a8fsIvwaStHhAWJEeVd1o1QD80CU6+ZdEXXSLbSsuLwJjkCBWqRQUVA=="],

    "postcss": ["postcss@8.5.3", "", { "dependencies": { "nanoid": "^3.3.8", "picocolors": "^1.1.1", "source-map-js": "^1.2.1" } }, "sha512-dle9A3yYxlBSrt8Fu+IpjGT8SY8hN0mlaA6GY8t0P5PjIOZemULz/E2Bnm/2dcUOena75OTNkHI76uZBNUUq3A=="],

    "postcss-value-parser": ["postcss-value-parser@4.2.0", "", {}, "sha512-1NNCs6uurfkVbeXG4S8JFT9t19m45ICnif8zWLd5oPSZ50QnwMfK+H3jv408d4jw/7Bttv5axS5IiHoLaVNHeQ=="],

    "prettier": ["prettier@3.5.3", "", { "bin": { "prettier": "bin/prettier.cjs" } }, "sha512-QQtaxnoDJeAkDvDKWCLiwIXkTgRhwYDEQCghU9Z6q03iyek/rxRh/2lC3HB7P8sWT2xC/y5JDctPLBIGzHKbhw=="],

    "prettier-plugin-svelte": ["prettier-plugin-svelte@3.3.3", "", { "peerDependencies": { "prettier": "^3.0.0", "svelte": "^3.2.0 || ^4.0.0-next.0 || ^5.0.0-next.0" } }, "sha512-yViK9zqQ+H2qZD1w/bH7W8i+bVfKrD8GIFjkFe4Thl6kCT9SlAsXVNmt3jCvQOCsnOhcvYgsoVlRV/Eu6x5nNw=="],

    "prettier-plugin-tailwindcss": ["prettier-plugin-tailwindcss@0.6.11", "", { "peerDependencies": { "@ianvs/prettier-plugin-sort-imports": "*", "@prettier/plugin-pug": "*", "@shopify/prettier-plugin-liquid": "*", "@trivago/prettier-plugin-sort-imports": "*", "@zackad/prettier-plugin-twig": "*", "prettier": "^3.0", "prettier-plugin-astro": "*", "prettier-plugin-css-order": "*", "prettier-plugin-import-sort": "*", "prettier-plugin-jsdoc": "*", "prettier-plugin-marko": "*", "prettier-plugin-multiline-arrays": "*", "prettier-plugin-organize-attributes": "*", "prettier-plugin-organize-imports": "*", "prettier-plugin-sort-imports": "*", "prettier-plugin-style-order": "*", "prettier-plugin-svelte": "*" }, "optionalPeers": ["@ianvs/prettier-plugin-sort-imports", "@prettier/plugin-pug", "@shopify/prettier-plugin-liquid", "@trivago/prettier-plugin-sort-imports", "@zackad/prettier-plugin-twig", "prettier-plugin-astro", "prettier-plugin-css-order", "prettier-plugin-import-sort", "prettier-plugin-jsdoc", "prettier-plugin-marko", "prettier-plugin-multiline-arrays", "prettier-plugin-organize-attributes", "prettier-plugin-organize-imports", "prettier-plugin-sort-imports", "prettier-plugin-style-order", "prettier-plugin-svelte"] }, "sha512-YxaYSIvZPAqhrrEpRtonnrXdghZg1irNg4qrjboCXrpybLWVs55cW2N3juhspVJiO0JBvYJT8SYsJpc8OQSnsA=="],

    "readdirp": ["readdirp@4.1.2", "", {}, "sha512-GDhwkLfywWL2s6vEjyhri+eXmfH6j1L7JE27WhqLeYzoh/A3DBaYGEj2H/HFZCn/kMfim73FXxEJTw06WtxQwg=="],

    "rollup": ["rollup@4.34.9", "", { "dependencies": { "@types/estree": "1.0.6" }, "optionalDependencies": { "@rollup/rollup-android-arm-eabi": "4.34.9", "@rollup/rollup-android-arm64": "4.34.9", "@rollup/rollup-darwin-arm64": "4.34.9", "@rollup/rollup-darwin-x64": "4.34.9", "@rollup/rollup-freebsd-arm64": "4.34.9", "@rollup/rollup-freebsd-x64": "4.34.9", "@rollup/rollup-linux-arm-gnueabihf": "4.34.9", "@rollup/rollup-linux-arm-musleabihf": "4.34.9", "@rollup/rollup-linux-arm64-gnu": "4.34.9", "@rollup/rollup-linux-arm64-musl": "4.34.9", "@rollup/rollup-linux-loongarch64-gnu": "4.34.9", "@rollup/rollup-linux-powerpc64le-gnu": "4.34.9", "@rollup/rollup-linux-riscv64-gnu": "4.34.9", "@rollup/rollup-linux-s390x-gnu": "4.34.9", "@rollup/rollup-linux-x64-gnu": "4.34.9", "@rollup/rollup-linux-x64-musl": "4.34.9", "@rollup/rollup-win32-arm64-msvc": "4.34.9", "@rollup/rollup-win32-ia32-msvc": "4.34.9", "@rollup/rollup-win32-x64-msvc": "4.34.9", "fsevents": "~2.3.2" }, "bin": { "rollup": "dist/bin/rollup" } }, "sha512-nF5XYqWWp9hx/LrpC8sZvvvmq0TeTjQgaZHYmAgwysT9nh8sWnZhBnM8ZyVbbJFIQBLwHDNoMqsBZBbUo4U8sQ=="],

    "sade": ["sade@1.8.1", "", { "dependencies": { "mri": "^1.1.0" } }, "sha512-xal3CZX1Xlo/k4ApwCFrHVACi9fBqJ7V+mwhBsuf/1IOKbBy098Fex+Wa/5QMubw09pSZ/u8EY8PWgevJsXp1A=="],

    "semver": ["semver@7.7.1", "", { "bin": { "semver": "bin/semver.js" } }, "sha512-hlq8tAfn0m/61p4BVRcPzIGr6LKiMwo4VM6dGi6pt4qcRkmNzTcWq6eCEjEh+qXjkMDvPlOFFSGwQjoEa6gyMA=="],

    "set-cookie-parser": ["set-cookie-parser@2.7.1", "", {}, "sha512-IOc8uWeOZgnb3ptbCURJWNjWUPcO3ZnTTdzsurqERrP6nPyv+paC55vJM0LpOlT2ne+Ix+9+CRG1MNLlyZ4GjQ=="],

    "sirv": ["sirv@3.0.1", "", { "dependencies": { "@polka/url": "^1.0.0-next.24", "mrmime": "^2.0.0", "totalist": "^3.0.0" } }, "sha512-FoqMu0NCGBLCcAkS1qA+XJIQTR6/JHfQXl+uGteNCQ76T91DMUjPa9xfmeqMY3z80nLSg9yQmNjK0Px6RWsH/A=="],

    "source-map-js": ["source-map-js@1.2.1", "", {}, "sha512-UXWMKhLOwVKb728IUtQPXxfYU+usdybtUrK/8uGE8CQMvrhOpwvzDBwj0QhSL7MQc7vIsISBG8VQ8+IDQxpfQA=="],

    "svelte": ["svelte@5.22.5", "", { "dependencies": { "@ampproject/remapping": "^2.3.0", "@jridgewell/sourcemap-codec": "^1.5.0", "@sveltejs/acorn-typescript": "^1.0.5", "@types/estree": "^1.0.5", "acorn": "^8.12.1", "aria-query": "^5.3.1", "axobject-query": "^4.1.0", "clsx": "^2.1.1", "esm-env": "^1.2.1", "esrap": "^1.4.3", "is-reference": "^3.0.3", "locate-character": "^3.0.0", "magic-string": "^0.30.11", "zimmerframe": "^1.1.2" } }, "sha512-+2BDWVa/rqr34oM+5HFUSmCCPdBBeNqFv2Xc/SSB8kV4iQhWWBNvU9/nd5Dz3PkAGl7Bm/AndS1vY4fe1MgTKA=="],

    "svelte-check": ["svelte-check@4.1.5", "", { "dependencies": { "@jridgewell/trace-mapping": "^0.3.25", "chokidar": "^4.0.1", "fdir": "^6.2.0", "picocolors": "^1.0.0", "sade": "^1.7.4" }, "peerDependencies": { "svelte": "^4.0.0 || ^5.0.0-next.0", "typescript": ">=5.0.0" }, "bin": { "svelte-check": "bin/svelte-check" } }, "sha512-Gb0T2IqBNe1tLB9EB1Qh+LOe+JB8wt2/rNBDGvkxQVvk8vNeAoG+vZgFB/3P5+zC7RWlyBlzm9dVjZFph/maIg=="],

    "tailwind-merge": ["tailwind-merge@3.0.2", "", {}, "sha512-l7z+OYZ7mu3DTqrL88RiKrKIqO3NcpEO8V/Od04bNpvk0kiIFndGEoqfuzvj4yuhRkHKjRkII2z+KS2HfPcSxw=="],

    "tailwind-variants": ["tailwind-variants@0.3.1", "", { "dependencies": { "tailwind-merge": "2.5.4" }, "peerDependencies": { "tailwindcss": "*" } }, "sha512-krn67M3FpPwElg4FsZrOQd0U26o7UDH/QOkK8RNaiCCrr052f6YJPBUfNKnPo/s/xRzNPtv1Mldlxsg8Tb46BQ=="],

    "tailwindcss": ["tailwindcss@4.0.11", "", {}, "sha512-GZ6+tNwieqvpFLZfx2tkZpfOMAK7iumbOJOLmd6v8AcYuHbjUb+cmDRu6l+rFkIqarh5FfLbCSRJhegcVdoPng=="],

    "tailwindcss-animate": ["tailwindcss-animate@1.0.7", "", { "peerDependencies": { "tailwindcss": ">=3.0.0 || insiders" } }, "sha512-bl6mpH3T7I3UFxuvDEXLxy/VuFxBk5bbzplh7tXI68mwMokNYd1t9qPBHlnyTwfa4JGC4zP516I1hYYtQ/vspA=="],

    "tapable": ["tapable@2.2.1", "", {}, "sha512-GNzQvQTOIP6RyTfE2Qxb8ZVlNmw0n88vp1szwWRimP02mnTsx3Wtn5qRdqY9w2XduFNUgvOwhNnQsjwCp+kqaQ=="],

    "totalist": ["totalist@3.0.1", "", {}, "sha512-sf4i37nQ2LBx4m3wB74y+ubopq6W/dIzXg0FDGjsYnZHVa1Da8FH853wlL2gtUhg+xJXjfk3kUZS3BRoQeoQBQ=="],

    "typescript": ["typescript@5.8.2", "", { "bin": { "tsc": "bin/tsc", "tsserver": "bin/tsserver" } }, "sha512-aJn6wq13/afZp/jT9QZmwEjDqqvSGp1VT5GVg+f/t6/oVyrgXM6BY1h9BRh/O5p3PlUPAe+WuiEZOmb/49RqoQ=="],

    "update-browserslist-db": ["update-browserslist-db@1.1.3", "", { "dependencies": { "escalade": "^3.2.0", "picocolors": "^1.1.1" }, "peerDependencies": { "browserslist": ">= 4.21.0" }, "bin": { "update-browserslist-db": "cli.js" } }, "sha512-UxhIZQ+QInVdunkDAaiazvvT/+fXL5Osr0JZlJulepYu6Jd7qJtDZjlur0emRlT71EN3ScPoE7gvsuIKKNavKw=="],

    "vite": ["vite@6.2.1", "", { "dependencies": { "esbuild": "^0.25.0", "postcss": "^8.5.3", "rollup": "^4.30.1" }, "optionalDependencies": { "fsevents": "~2.3.3" }, "peerDependencies": { "@types/node": "^18.0.0 || ^20.0.0 || >=22.0.0", "jiti": ">=1.21.0", "less": "*", "lightningcss": "^1.21.0", "sass": "*", "sass-embedded": "*", "stylus": "*", "sugarss": "*", "terser": "^5.16.0", "tsx": "^4.8.1", "yaml": "^2.4.2" }, "optionalPeers": ["@types/node", "jiti", "less", "lightningcss", "sass", "sass-embedded", "stylus", "sugarss", "terser", "tsx", "yaml"], "bin": { "vite": "bin/vite.js" } }, "sha512-n2GnqDb6XPhlt9B8olZPrgMD/es/Nd1RdChF6CBD/fHW6pUyUTt2sQW2fPRX5GiD9XEa6+8A6A4f2vT6pSsE7Q=="],

    "vitefu": ["vitefu@1.0.6", "", { "peerDependencies": { "vite": "^3.0.0 || ^4.0.0 || ^5.0.0 || ^6.0.0" }, "optionalPeers": ["vite"] }, "sha512-+Rex1GlappUyNN6UfwbVZne/9cYC4+R2XDk9xkNXBKMw6HQagdX9PgZ8V2v1WUSK1wfBLp7qbI1+XSNIlB1xmA=="],

    "yaml": ["yaml@2.7.0", "", { "bin": { "yaml": "bin.mjs" } }, "sha512-+hSoy/QHluxmC9kCIJyL/uyFmLmc+e5CFR5Wa+bpIhIj85LVb9ZH2nVnqrHoSvKogwODv0ClqZkmiSSaIH5LTA=="],

    "zimmerframe": ["zimmerframe@1.1.2", "", {}, "sha512-rAbqEGa8ovJy4pyBxZM70hg4pE6gDgaQ0Sl9M3enG3I0d6H4XSAM3GeNGLKnsBpuijUow064sf7ww1nutC5/3w=="],

    "@tailwindcss/node/jiti": ["jiti@2.4.2", "", { "bin": { "jiti": "lib/jiti-cli.mjs" } }, "sha512-rg9zJN+G4n2nfJl5MW3BMygZX56zKPNVEYYqq7adpmMh4Jn2QNEwhvQlFy6jPVdcod7txZtKHWnyZiA3a0zP7A=="],

    "tailwind-variants/tailwind-merge": ["tailwind-merge@2.5.4", "", {}, "sha512-0q8cfZHMu9nuYP/b5Shb7Y7Sh1B7Nnl5GqNr1U+n2p6+mybvRtayrQ+0042Z5byvTA8ihjlP8Odo8/VnHbZu4Q=="],
  }
}
